
Microsoft Visual Studio Solution File, Format Version 12.00
# Visual Studio Version 17
VisualStudioVersion = 17.10.34928.147
MinimumVisualStudioVersion = 10.0.40219.1
Project("{FAE04EC0-301F-11D3-BF4B-00C04F79EFBC}") = "Constants", "Constants\Constants.csproj", "{698F3462-F5A3-4DC0-B66B-CC609ABCE8C5}"
EndProject
Global
	GlobalSection(SolutionConfigurationPlatforms) = preSolution
		Debug|Any CPU = Debug|Any CPU
		Release|Any CPU = Release|Any CPU
	EndGlobalSection
	GlobalSection(ProjectConfigurationPlatforms) = postSolution
		{698F3462-F5A3-4DC0-B66B-CC609ABCE8C5}.Debug|Any CPU.ActiveCfg = Debug|Any CPU
		{698F3462-F5A3-4DC0-B66B-CC609ABCE8C5}.Debug|Any CPU.Build.0 = Debug|Any CPU
		{698F3462-F5A3-4DC0-B66B-CC609ABCE8C5}.Release|Any CPU.ActiveCfg = Release|Any CPU
		{698F3462-F5A3-4DC0-B66B-CC609ABCE8C5}.Release|Any CPU.Build.0 = Release|Any CPU
	EndGlobalSection
	GlobalSection(SolutionProperties) = preSolution
		HideSolutionNode = FALSE
	EndGlobalSection
	GlobalSection(ExtensibilityGlobals) = postSolution
		SolutionGuid = {5827C366-70CC-413D-ADC7-712224CA29B7}
	EndGlobalSection
EndGlobal
