
Microsoft Visual Studio Solution File, Format Version 12.00
# Visual Studio Version 17
VisualStudioVersion = 17.10.34928.147
MinimumVisualStudioVersion = 10.0.40219.1
Project("{FAE04EC0-301F-11D3-BF4B-00C04F79EFBC}") = "Type Casting", "Type Casting\Type Casting.csproj", "{BCCE54CE-18D7-4BE5-B744-D73C092B770E}"
EndProject
Global
	GlobalSection(SolutionConfigurationPlatforms) = preSolution
		Debug|Any CPU = Debug|Any CPU
		Release|Any CPU = Release|Any CPU
	EndGlobalSection
	GlobalSection(ProjectConfigurationPlatforms) = postSolution
		{BCCE54CE-18D7-4BE5-B744-D73C092B770E}.Debug|Any CPU.ActiveCfg = Debug|Any CPU
		{BCCE54CE-18D7-4BE5-B744-D73C092B770E}.Debug|Any CPU.Build.0 = Debug|Any CPU
		{BCCE54CE-18D7-4BE5-B744-D73C092B770E}.Release|Any CPU.ActiveCfg = Release|Any CPU
		{BCCE54CE-18D7-4BE5-B744-D73C092B770E}.Release|Any CPU.Build.0 = Release|Any CPU
	EndGlobalSection
	GlobalSection(SolutionProperties) = preSolution
		HideSolutionNode = FALSE
	EndGlobalSection
	GlobalSection(ExtensibilityGlobals) = postSolution
		SolutionGuid = {1DAF885E-5440-428F-83A7-92CE7D7DBB00}
	EndGlobalSection
EndGlobal
