
Microsoft Visual Studio Solution File, Format Version 12.00
# Visual Studio Version 17
VisualStudioVersion = 17.10.34928.147
MinimumVisualStudioVersion = 10.0.40219.1
Project("{FAE04EC0-301F-11D3-BF4B-00C04F79EFBC}") = "User Input", "User Input\User Input.csproj", "{E4FC4ED4-2DEA-487A-A16D-42BB706DDA17}"
EndProject
Global
	GlobalSection(SolutionConfigurationPlatforms) = preSolution
		Debug|Any CPU = Debug|Any CPU
		Release|Any CPU = Release|Any CPU
	EndGlobalSection
	GlobalSection(ProjectConfigurationPlatforms) = postSolution
		{E4FC4ED4-2DEA-487A-A16D-42BB706DDA17}.Debug|Any CPU.ActiveCfg = Debug|Any CPU
		{E4FC4ED4-2DEA-487A-A16D-42BB706DDA17}.Debug|Any CPU.Build.0 = Debug|Any CPU
		{E4FC4ED4-2DEA-487A-A16D-42BB706DDA17}.Release|Any CPU.ActiveCfg = Release|Any CPU
		{E4FC4ED4-2DEA-487A-A16D-42BB706DDA17}.Release|Any CPU.Build.0 = Release|Any CPU
	EndGlobalSection
	GlobalSection(SolutionProperties) = preSolution
		HideSolutionNode = FALSE
	EndGlobalSection
	GlobalSection(ExtensibilityGlobals) = postSolution
		SolutionGuid = {7D4FCD80-E20C-4ED5-9CFB-8F228D5223BE}
	EndGlobalSection
EndGlobal
