
Microsoft Visual Studio Solution File, Format Version 12.00
# Visual Studio Version 17
VisualStudioVersion = 17.10.34928.147
MinimumVisualStudioVersion = 10.0.40219.1
Project("{FAE04EC0-301F-11D3-BF4B-00C04F79EFBC}") = "MathClass", "MathClass\MathClass.csproj", "{FA2C8CBC-A889-4B84-9651-91D36D2C207F}"
EndProject
Global
	GlobalSection(SolutionConfigurationPlatforms) = preSolution
		Debug|Any CPU = Debug|Any CPU
		Release|Any CPU = Release|Any CPU
	EndGlobalSection
	GlobalSection(ProjectConfigurationPlatforms) = postSolution
		{FA2C8CBC-A889-4B84-9651-91D36D2C207F}.Debug|Any CPU.ActiveCfg = Debug|Any CPU
		{FA2C8CBC-A889-4B84-9651-91D36D2C207F}.Debug|Any CPU.Build.0 = Debug|Any CPU
		{FA2C8CBC-A889-4B84-9651-91D36D2C207F}.Release|Any CPU.ActiveCfg = Release|Any CPU
		{FA2C8CBC-A889-4B84-9651-91D36D2C207F}.Release|Any CPU.Build.0 = Release|Any CPU
	EndGlobalSection
	GlobalSection(SolutionProperties) = preSolution
		HideSolutionNode = FALSE
	EndGlobalSection
	GlobalSection(ExtensibilityGlobals) = postSolution
		SolutionGuid = {5EDCCA26-FB10-4338-AFE8-EFAB4D0C0FF6}
	EndGlobalSection
EndGlobal
